<Solution>
  <Folder Name="/src/">
    <Project Path="src/GameBacklog.Api/GameBacklog.Api.csproj" />
    <Project Path="src/GameBacklog.Domain/GameBacklog.Domain.csproj" />
    <Project Path="src/GameBacklog.Infrastructure/GameBacklog.Infrastructure.csproj" />
  </Folder>
  <Folder Name="/tests/">
    <Project Path="tests/GameBacklog.Api.IntegrationTests/GameBacklog.Api.IntegrationTests.csproj" />
    <Project Path="tests/GameBacklog.Api.UnitTests/GameBacklog.Api.UnitTests.csproj" />
  </Folder>
</Solution>
